
Microsoft Visual Studio Solution File, Format Version 12.00
# Visual Studio 15
VisualStudioVersion = 15.0.27130.2027
MinimumVisualStudioVersion = 10.0.40219.1
Project("{FAE04EC0-301F-11D3-BF4B-00C04F79EFBC}") = "GameWebApi", "GameWebApi\GameWebApi.csproj", "{7BC7D59C-E7D3-471D-93FA-D7A31CEFFDAD}"
EndProject
Global
	GlobalSection(SolutionConfigurationPlatforms) = preSolution
		Debug|Any CPU = Debug|Any CPU
		Release|Any CPU = Release|Any CPU
	EndGlobalSection
	GlobalSection(ProjectConfigurationPlatforms) = postSolution
		{7BC7D59C-E7D3-471D-93FA-D7A31CEFFDAD}.Debug|Any CPU.ActiveCfg = Debug|Any CPU
		{7BC7D59C-E7D3-471D-93FA-D7A31CEFFDAD}.Debug|Any CPU.Build.0 = Debug|Any CPU
		{7BC7D59C-E7D3-471D-93FA-D7A31CEFFDAD}.Release|Any CPU.ActiveCfg = Release|Any CPU
		{7BC7D59C-E7D3-471D-93FA-D7A31CEFFDAD}.Release|Any CPU.Build.0 = Release|Any CPU
	EndGlobalSection
	GlobalSection(SolutionProperties) = preSolution
		HideSolutionNode = FALSE
	EndGlobalSection
	GlobalSection(ExtensibilityGlobals) = postSolution
		SolutionGuid = {36492CA3-DBAA-45AB-A726-6A55D9E890E1}
	EndGlobalSection
EndGlobal
